PODS:
  - Flutter (1.0.0)
  - flutter_inappwebview_ios (0.0.1):
    - Flutter
    - flutter_inappwebview_ios/Core (= 0.0.1)
    - OrderedSet (~> 6.0.3)
  - flutter_inappwebview_ios/Core (0.0.1):
    - Flutter
    - OrderedSet (~> 6.0.3)
  - OrderedSet (6.0.3)
  - shared_preferences_foundation (0.0.1):
    - Flutter
    - FlutterMacOS
  - solana_wallet_adapter_ios (0.0.1):
    - Flutter
  - url_launcher_ios (0.0.1):
    - Flutter
  - webcrypto (0.1.1):
    - Flutter
    - FlutterMacOS

DEPENDENCIES:
  - Flutter (from `Flutter`)
  - flutter_inappwebview_ios (from `.symlinks/plugins/flutter_inappwebview_ios/ios`)
  - shared_preferences_foundation (from `.symlinks/plugins/shared_preferences_foundation/darwin`)
  - solana_wallet_adapter_ios (from `.symlinks/plugins/solana_wallet_adapter_ios/ios`)
  - url_launcher_ios (from `.symlinks/plugins/url_launcher_ios/ios`)
  - webcrypto (from `.symlinks/plugins/webcrypto/darwin`)

SPEC REPOS:
  trunk:
    - OrderedSet

EXTERNAL SOURCES:
  Flutter:
    :path: Flutter
  flutter_inappwebview_ios:
    :path: ".symlinks/plugins/flutter_inappwebview_ios/ios"
  shared_preferences_foundation:
    :path: ".symlinks/plugins/shared_preferences_foundation/darwin"
  solana_wallet_adapter_ios:
    :path: ".symlinks/plugins/solana_wallet_adapter_ios/ios"
  url_launcher_ios:
    :path: ".symlinks/plugins/url_launcher_ios/ios"
  webcrypto:
    :path: ".symlinks/plugins/webcrypto/darwin"

SPEC CHECKSUMS:
  Flutter: e0871f40cf51350855a761d2e70bf5af5b9b5de7
  flutter_inappwebview_ios: 6f63631e2c62a7c350263b13fa5427aedefe81d4
  OrderedSet: e539b66b644ff081c73a262d24ad552a69be3a94
  shared_preferences_foundation: fcdcbc04712aee1108ac7fda236f363274528f78
  solana_wallet_adapter_ios: 81801f1823b9a5870ead396706efd663b530e6fe
  url_launcher_ios: 5334b05cef931de560670eeae103fd3e431ac3fe
  webcrypto: aa788ff6b0a956e5d6e613b35b99c13e220ca2d0

PODFILE CHECKSUM: 4305caec6b40dde0ae97be1573c53de1882a07e5

COCOAPODS: 1.16.2
